// !$*UTF8*$!
{
	archiveVersion = 1;
	classes = {
	};
	objectVersion = 56;
	objects = {

/* Begin PBXBuildFile section */
		CA6D7E012979CF300010CC58 /* ListView.swift in Sources */ = {isa = PBXBuildFile; fileRef = CA6D7E002979CF300010CC58 /* ListView.swift */; };
		CA6D7E032979D0990010CC58 /* TriangularPrismView.swift in Sources */ = {isa = PBXBuildFile; fileRef = CA6D7E022979D0990010CC58 /* TriangularPrismView.swift */; };
		CA8D779A29803A6A00C56ED3 /* RootsCalculatorView.swift in Sources */ = {isa = PBXBuildFile; fileRef = CA8D779929803A6A00C56ED3 /* RootsCalculatorView.swift */; };
		CA8D779C298044A400C56ED3 /* ModelRoots.swift in Sources */ = {isa = PBXBuildFile; fileRef = CA8D779B298044A400C56ED3 /* ModelRoots.swift */; };
		CA8D779E2980454A00C56ED3 /* RootsResultView.swift in Sources */ = {isa = PBXBuildFile; fileRef = CA8D779D2980454A00C56ED3 /* RootsResultView.swift */; };
		CA8D77A229819C0400C56ED3 /* ModelsTP.swift in Sources */ = {isa = PBXBuildFile; fileRef = CA8D77A129819C0400C56ED3 /* ModelsTP.swift */; };
		CA8D77A42981D3EC00C56ED3 /* TPResultView.swift in Sources */ = {isa = PBXBuildFile; fileRef = CA8D77A32981D3EC00C56ED3 /* TPResultView.swift */; };
		CAF39289297705A40004940F /* AreaAndPerimeterCalculationApp.swift in Sources */ = {isa = PBXBuildFile; fileRef = CAF39288297705A40004940F /* AreaAndPerimeterCalculationApp.swift */; };
		CAF3928D297705A60004940F /* Assets.xcassets in Resources */ = {isa = PBXBuildFile; fileRef = CAF3928C297705A60004940F /* Assets.xcassets */; };
		CAF39290297705A60004940F /* Preview Assets.xcassets in Resources */ = {isa = PBXBuildFile; fileRef = CAF3928F297705A60004940F /* Preview Assets.xcassets */; };
		CAF392982977064B0004940F /* RectangleView.swift in Sources */ = {isa = PBXBuildFile; fileRef = CAF392972977064B0004940F /* RectangleView.swift */; };
/* End PBXBuildFile section */

/* Begin PBXFileReference section */
		CA6D7E002979CF300010CC58 /* ListView.swift */ = {isa = PBXFileReference; lastKnownFileType = sourcecode.swift; path = ListView.swift; sourceTree = "<group>"; };
		CA6D7E022979D0990010CC58 /* TriangularPrismView.swift */ = {isa = PBXFileReference; lastKnownFileType = sourcecode.swift; path = TriangularPrismView.swift; sourceTree = "<group>"; };
		CA8D779929803A6A00C56ED3 /* RootsCalculatorView.swift */ = {isa = PBXFileReference; lastKnownFileType = sourcecode.swift; path = RootsCalculatorView.swift; sourceTree = "<group>"; };
		CA8D779B298044A400C56ED3 /* ModelRoots.swift */ = {isa = PBXFileReference; lastKnownFileType = sourcecode.swift; path = ModelRoots.swift; sourceTree = "<group>"; };
		CA8D779D2980454A00C56ED3 /* RootsResultView.swift */ = {isa = PBXFileReference; lastKnownFileType = sourcecode.swift; path = RootsResultView.swift; sourceTree = "<group>"; };
		CA8D77A129819C0400C56ED3 /* ModelsTP.swift */ = {isa = PBXFileReference; lastKnownFileType = sourcecode.swift; path = ModelsTP.swift; sourceTree = "<group>"; };
		CA8D77A32981D3EC00C56ED3 /* TPResultView.swift */ = {isa = PBXFileReference; lastKnownFileType = sourcecode.swift; path = TPResultView.swift; sourceTree = "<group>"; };
		CAF39285297705A40004940F /* AreaAndPerimeterCalculation.app */ = {isa = PBXFileReference; explicitFileType = wrapper.application; includeInIndex = 0; path = AreaAndPerimeterCalculation.app; sourceTree = BUILT_PRODUCTS_DIR; };
		CAF39288297705A40004940F /* AreaAndPerimeterCalculationApp.swift */ = {isa = PBXFileReference; lastKnownFileType = sourcecode.swift; path = AreaAndPerimeterCalculationApp.swift; sourceTree = "<group>"; };
		CAF3928C297705A60004940F /* Assets.xcassets */ = {isa = PBXFileReference; lastKnownFileType = folder.assetcatalog; path = Assets.xcassets; sourceTree = "<group>"; };
		CAF3928F297705A60004940F /* Preview Assets.xcassets */ = {isa = PBXFileReference; lastKnownFileType = folder.assetcatalog; path = "Preview Assets.xcassets"; sourceTree = "<group>"; };
		CAF392972977064B0004940F /* RectangleView.swift */ = {isa = PBXFileReference; lastKnownFileType = sourcecode.swift; path = RectangleView.swift; sourceTree = "<group>"; };
/* End PBXFileReference section */

/* Begin PBXFrameworksBuildPhase section */
		CAF39282297705A40004940F /* Frameworks */ = {
			isa = PBXFrameworksBuildPhase;
			buildActionMask = 2147483647;
			files = (
			);
			runOnlyForDeploymentPostprocessing = 0;
		};
/* End PBXFrameworksBuildPhase section */

/* Begin PBXGroup section */
		CAF3927C297705A30004940F = {
			isa = PBXGroup;
			children = (
				CAF39287297705A40004940F /* AreaAndPerimeterCalculation */,
				CAF39286297705A40004940F /* Products */,
			);
			sourceTree = "<group>";
		};
		CAF39286297705A40004940F /* Products */ = {
			isa = PBXGroup;
			children = (
				CAF39285297705A40004940F /* AreaAndPerimeterCalculation.app */,
			);
			name = Products;
			sourceTree = "<group>";
		};
		CAF39287297705A40004940F /* AreaAndPerimeterCalculation */ = {
			isa = PBXGroup;
			children = (
				CAF39288297705A40004940F /* AreaAndPerimeterCalculationApp.swift */,
				CAF39296297705CF0004940F /* Views */,
				CAF3928C297705A60004940F /* Assets.xcassets */,
				CAF3928E297705A60004940F /* Preview Content */,
			);
			path = AreaAndPerimeterCalculation;
			sourceTree = "<group>";
		};
		CAF3928E297705A60004940F /* Preview Content */ = {
			isa = PBXGroup;
			children = (
				CAF3928F297705A60004940F /* Preview Assets.xcassets */,
			);
			path = "Preview Content";
			sourceTree = "<group>";
		};
		CAF39296297705CF0004940F /* Views */ = {
			isa = PBXGroup;
			children = (
				CAF392972977064B0004940F /* RectangleView.swift */,
				CA6D7E002979CF300010CC58 /* ListView.swift */,
				CA6D7E022979D0990010CC58 /* TriangularPrismView.swift */,
				CA8D779929803A6A00C56ED3 /* RootsCalculatorView.swift */,
				CA8D77A129819C0400C56ED3 /* ModelsTP.swift */,
				CA8D77A32981D3EC00C56ED3 /* TPResultView.swift */,
				CA8D779B298044A400C56ED3 /* ModelRoots.swift */,
				CA8D779D2980454A00C56ED3 /* RootsResultView.swift */,
			);
			path = Views;
			sourceTree = "<group>";
		};
/* End PBXGroup section */

/* Begin PBXNativeTarget section */
		CAF39284297705A40004940F /* AreaAndPerimeterCalculation */ = {
			isa = PBXNativeTarget;
			buildConfigurationList = CAF39293297705A60004940F /* Build configuration list for PBXNativeTarget "AreaAndPerimeterCalculation" */;
			buildPhases = (
				CAF39281297705A40004940F /* Sources */,
				CAF39282297705A40004940F /* Frameworks */,
				CAF39283297705A40004940F /* Resources */,
			);
			buildRules = (
			);
			dependencies = (
			);
			name = AreaAndPerimeterCalculation;
			productName = AreaAndPerimeterCalculation;
			productReference = CAF39285297705A40004940F /* AreaAndPerimeterCalculation.app */;
			productType = "com.apple.product-type.application";
		};
/* End PBXNativeTarget section */

/* Begin PBXProject section */
		CAF3927D297705A40004940F /* Project object */ = {
			isa = PBXProject;
			attributes = {
				BuildIndependentTargetsInParallel = 1;
				LastSwiftUpdateCheck = 1410;
				LastUpgradeCheck = 1410;
				TargetAttributes = {
					CAF39284297705A40004940F = {
						CreatedOnToolsVersion = 14.1;
					};
				};
			};
			buildConfigurationList = CAF39280297705A40004940F /* Build configuration list for PBXProject "AreaAndPerimeterCalculation" */;
			compatibilityVersion = "Xcode 14.0";
			developmentRegion = en;
			hasScannedForEncodings = 0;
			knownRegions = (
				en,
				Base,
			);
			mainGroup = CAF3927C297705A30004940F;
			productRefGroup = CAF39286297705A40004940F /* Products */;
			projectDirPath = "";
			projectRoot = "";
			targets = (
				CAF39284297705A40004940F /* AreaAndPerimeterCalculation */,
			);
		};
/* End PBXProject section */

/* Begin PBXResourcesBuildPhase section */
		CAF39283297705A40004940F /* Resources */ = {
			isa = PBXResourcesBuildPhase;
			buildActionMask = 2147483647;
			files = (
				CAF39290297705A60004940F /* Preview Assets.xcassets in Resources */,
				CAF3928D297705A60004940F /* Assets.xcassets in Resources */,
			);
			runOnlyForDeploymentPostprocessing = 0;
		};
/* End PBXResourcesBuildPhase section */

/* Begin PBXSourcesBuildPhase section */
		CAF39281297705A40004940F /* Sources */ = {
			isa = PBXSourcesBuildPhase;
			buildActionMask = 2147483647;
			files = (
				CA8D77A229819C0400C56ED3 /* ModelsTP.swift in Sources */,
				CAF392982977064B0004940F /* RectangleView.swift in Sources */,
				CA8D779C298044A400C56ED3 /* ModelRoots.swift in Sources */,
				CAF39289297705A40004940F /* AreaAndPerimeterCalculationApp.swift in Sources */,
				CA8D779A29803A6A00C56ED3 /* RootsCalculatorView.swift in Sources */,
				CA6D7E012979CF300010CC58 /* ListView.swift in Sources */,
				CA8D779E2980454A00C56ED3 /* RootsResultView.swift in Sources */,
				CA6D7E032979D0990010CC58 /* TriangularPrismView.swift in Sources */,
				CA8D77A42981D3EC00C56ED3 /* TPResultView.swift in Sources */,
			);
			runOnlyForDeploymentPostprocessing = 0;
		};
/* End PBXSourcesBuildPhase section */

/* Begin XCBuildConfiguration section */
		CAF39291297705A60004940F /* Debug */ = {
			isa = XCBuildConfiguration;
			buildSettings = {
				ALWAYS_SEARCH_USER_PATHS = NO;
				CLANG_ANALYZER_NONNULL = YES;
				CLANG_ANALYZER_NUMBER_OBJECT_CONVERSION = YES_AGGRESSIVE;
				CLANG_CXX_LANGUAGE_STANDARD = "gnu++20";
				CLANG_ENABLE_MODULES = YES;
				CLANG_ENABLE_OBJC_ARC = YES;
				CLANG_ENABLE_OBJC_WEAK = YES;
				CLANG_WARN_BLOCK_CAPTURE_AUTORELEASING = YES;
				CLANG_WARN_BOOL_CONVERSION = YES;
				CLANG_WARN_COMMA = YES;
				CLANG_WARN_CONSTANT_CONVERSION = YES;
				CLANG_WARN_DEPRECATED_OBJC_IMPLEMENTATIONS = YES;
				CLANG_WARN_DIRECT_OBJC_ISA_USAGE = YES_ERROR;
				CLANG_WARN_DOCUMENTATION_COMMENTS = YES;
				CLANG_WARN_EMPTY_BODY = YES;
				CLANG_WARN_ENUM_CONVERSION = YES;
				CLANG_WARN_INFINITE_RECURSION = YES;
				CLANG_WARN_INT_CONVERSION = YES;
				CLANG_WARN_NON_LITERAL_NULL_CONVERSION = YES;
				CLANG_WARN_OBJC_IMPLICIT_RETAIN_SELF = YES;
				CLANG_WARN_OBJC_LITERAL_CONVERSION = YES;
				CLANG_WARN_OBJC_ROOT_CLASS = YES_ERROR;
				CLANG_WARN_QUOTED_INCLUDE_IN_FRAMEWORK_HEADER = YES;
				CLANG_WARN_RANGE_LOOP_ANALYSIS = YES;
				CLANG_WARN_STRICT_PROTOTYPES = YES;
				CLANG_WARN_SUSPICIOUS_MOVE = YES;
				CLANG_WARN_UNGUARDED_AVAILABILITY = YES_AGGRESSIVE;
				CLANG_WARN_UNREACHABLE_CODE = YES;
				CLANG_WARN__DUPLICATE_METHOD_MATCH = YES;
				COPY_PHASE_STRIP = NO;
				DEBUG_INFORMATION_FORMAT = dwarf;
				ENABLE_STRICT_OBJC_MSGSEND = YES;
				ENABLE_TESTABILITY = YES;
				GCC_C_LANGUAGE_STANDARD = gnu11;
				GCC_DYNAMIC_NO_PIC = NO;
				GCC_NO_COMMON_BLOCKS = YES;
				GCC_OPTIMIZATION_LEVEL = 0;
				GCC_PREPROCESSOR_DEFINITIONS = (
					"DEBUG=1",
					"$(inherited)",
				);
				GCC_WARN_64_TO_32_BIT_CONVERSION = YES;
				GCC_WARN_ABOUT_RETURN_TYPE = YES_ERROR;
				GCC_WARN_UNDECLARED_SELECTOR = YES;
				GCC_WARN_UNINITIALIZED_AUTOS = YES_AGGRESSIVE;
				GCC_WARN_UNUSED_FUNCTION = YES;
				GCC_WARN_UNUSED_VARIABLE = YES;
				IPHONEOS_DEPLOYMENT_TARGET = 16.1;
				MTL_ENABLE_DEBUG_INFO = INCLUDE_SOURCE;
				MTL_FAST_MATH = YES;
				ONLY_ACTIVE_ARCH = YES;
				SDKROOT = iphoneos;
				SWIFT_ACTIVE_COMPILATION_CONDITIONS = DEBUG;
				SWIFT_OPTIMIZATION_LEVEL = "-Onone";
			};
			name = Debug;
		};
		CAF39292297705A60004940F /* Release */ = {
			isa = XCBuildConfiguration;
			buildSettings = {
				ALWAYS_SEARCH_USER_PATHS = NO;
				CLANG_ANALYZER_NONNULL = YES;
				CLANG_ANALYZER_NUMBER_OBJECT_CONVERSION = YES_AGGRESSIVE;
				CLANG_CXX_LANGUAGE_STANDARD = "gnu++20";
				CLANG_ENABLE_MODULES = YES;
				CLANG_ENABLE_OBJC_ARC = YES;
				CLANG_ENABLE_OBJC_WEAK = YES;
				CLANG_WARN_BLOCK_CAPTURE_AUTORELEASING = YES;
				CLANG_WARN_BOOL_CONVERSION = YES;
				CLANG_WARN_COMMA = YES;
				CLANG_WARN_CONSTANT_CONVERSION = YES;
				CLANG_WARN_DEPRECATED_OBJC_IMPLEMENTATIONS = YES;
				CLANG_WARN_DIRECT_OBJC_ISA_USAGE = YES_ERROR;
				CLANG_WARN_DOCUMENTATION_COMMENTS = YES;
				CLANG_WARN_EMPTY_BODY = YES;
				CLANG_WARN_ENUM_CONVERSION = YES;
				CLANG_WARN_INFINITE_RECURSION = YES;
				CLANG_WARN_INT_CONVERSION = YES;
				CLANG_WARN_NON_LITERAL_NULL_CONVERSION = YES;
				CLANG_WARN_OBJC_IMPLICIT_RETAIN_SELF = YES;
				CLANG_WARN_OBJC_LITERAL_CONVERSION = YES;
				CLANG_WARN_OBJC_ROOT_CLASS = YES_ERROR;
				CLANG_WARN_QUOTED_INCLUDE_IN_FRAMEWORK_HEADER = YES;
				CLANG_WARN_RANGE_LOOP_ANALYSIS = YES;
				CLANG_WARN_STRICT_PROTOTYPES = YES;
				CLANG_WARN_SUSPICIOUS_MOVE = YES;
				CLANG_WARN_UNGUARDED_AVAILABILITY = YES_AGGRESSIVE;
				CLANG_WARN_UNREACHABLE_CODE = YES;
				CLANG_WARN__DUPLICATE_METHOD_MATCH = YES;
				COPY_PHASE_STRIP = NO;
				DEBUG_INFORMATION_FORMAT = "dwarf-with-dsym";
				ENABLE_NS_ASSERTIONS = NO;
				ENABLE_STRICT_OBJC_MSGSEND = YES;
				GCC_C_LANGUAGE_STANDARD = gnu11;
				GCC_NO_COMMON_BLOCKS = YES;
				GCC_WARN_64_TO_32_BIT_CONVERSION = YES;
				GCC_WARN_ABOUT_RETURN_TYPE = YES_ERROR;
				GCC_WARN_UNDECLARED_SELECTOR = YES;
				GCC_WARN_UNINITIALIZED_AUTOS = YES_AGGRESSIVE;
				GCC_WARN_UNUSED_FUNCTION = YES;
				GCC_WARN_UNUSED_VARIABLE = YES;
				IPHONEOS_DEPLOYMENT_TARGET = 16.1;
				MTL_ENABLE_DEBUG_INFO = NO;
				MTL_FAST_MATH = YES;
				SDKROOT = iphoneos;
				SWIFT_COMPILATION_MODE = wholemodule;
				SWIFT_OPTIMIZATION_LEVEL = "-O";
				VALIDATE_PRODUCT = YES;
			};
			name = Release;
		};
		CAF39294297705A60004940F /* Debug */ = {
			isa = XCBuildConfiguration;
			buildSettings = {
				ASSETCATALOG_COMPILER_APPICON_NAME = AppIcon;
				ASSETCATALOG_COMPILER_GLOBAL_ACCENT_COLOR_NAME = AccentColor;
				CODE_SIGN_STYLE = Automatic;
				CURRENT_PROJECT_VERSION = 1;
				DEVELOPMENT_ASSET_PATHS = "\"AreaAndPerimeterCalculation/Preview Content\"";
				DEVELOPMENT_TEAM = 282SC32QQC;
				ENABLE_PREVIEWS = YES;
				GENERATE_INFOPLIST_FILE = YES;
				INFOPLIST_KEY_UIApplicationSceneManifest_Generation = YES;
				INFOPLIST_KEY_UIApplicationSupportsIndirectInputEvents = YES;
				INFOPLIST_KEY_UILaunchScreen_Generation = YES;
				INFOPLIST_KEY_UISupportedInterfaceOrientations_iPad = "UIInterfaceOrientationPortrait UIInterfaceOrientationPortraitUpsideDown UIInterfaceOrientationLandscapeLeft UIInterfaceOrientationLandscapeRight";
				INFOPLIST_KEY_UISupportedInterfaceOrientations_iPhone = "UIInterfaceOrientationPortrait UIInterfaceOrientationLandscapeLeft UIInterfaceOrientationLandscapeRight";
				LD_RUNPATH_SEARCH_PATHS = (
					"$(inherited)",
					"@executable_path/Frameworks",
				);
				MARKETING_VERSION = 1.0;
				PRODUCT_BUNDLE_IDENTIFIER = evelyn.AreaAndPerimeterCalculation;
				PRODUCT_NAME = "$(TARGET_NAME)";
				SWIFT_EMIT_LOC_STRINGS = YES;
				SWIFT_VERSION = 5.0;
				TARGETED_DEVICE_FAMILY = "1,2";
			};
			name = Debug;
		};
		CAF39295297705A60004940F /* Release */ = {
			isa = XCBuildConfiguration;
			buildSettings = {
				ASSETCATALOG_COMPILER_APPICON_NAME = AppIcon;
				ASSETCATALOG_COMPILER_GLOBAL_ACCENT_COLOR_NAME = AccentColor;
				CODE_SIGN_STYLE = Automatic;
				CURRENT_PROJECT_VERSION = 1;
				DEVELOPMENT_ASSET_PATHS = "\"AreaAndPerimeterCalculation/Preview Content\"";
				DEVELOPMENT_TEAM = 282SC32QQC;
				ENABLE_PREVIEWS = YES;
				GENERATE_INFOPLIST_FILE = YES;
				INFOPLIST_KEY_UIApplicationSceneManifest_Generation = YES;
				INFOPLIST_KEY_UIApplicationSupportsIndirectInputEvents = YES;
				INFOPLIST_KEY_UILaunchScreen_Generation = YES;
				INFOPLIST_KEY_UISupportedInterfaceOrientations_iPad = "UIInterfaceOrientationPortrait UIInterfaceOrientationPortraitUpsideDown UIInterfaceOrientationLandscapeLeft UIInterfaceOrientationLandscapeRight";
				INFOPLIST_KEY_UISupportedInterfaceOrientations_iPhone = "UIInterfaceOrientationPortrait UIInterfaceOrientationLandscapeLeft UIInterfaceOrientationLandscapeRight";
				LD_RUNPATH_SEARCH_PATHS = (
					"$(inherited)",
					"@executable_path/Frameworks",
				);
				MARKETING_VERSION = 1.0;
				PRODUCT_BUNDLE_IDENTIFIER = evelyn.AreaAndPerimeterCalculation;
				PRODUCT_NAME = "$(TARGET_NAME)";
				SWIFT_EMIT_LOC_STRINGS = YES;
				SWIFT_VERSION = 5.0;
				TARGETED_DEVICE_FAMILY = "1,2";
			};
			name = Release;
		};
/* End XCBuildConfiguration section */

/* Begin XCConfigurationList section */
		CAF39280297705A40004940F /* Build configuration list for PBXProject "AreaAndPerimeterCalculation" */ = {
			isa = XCConfigurationList;
			buildConfigurations = (
				CAF39291297705A60004940F /* Debug */,
				CAF39292297705A60004940F /* Release */,
			);
			defaultConfigurationIsVisible = 0;
			defaultConfigurationName = Release;
		};
		CAF39293297705A60004940F /* Build configuration list for PBXNativeTarget "AreaAndPerimeterCalculation" */ = {
			isa = XCConfigurationList;
			buildConfigurations = (
				CAF39294297705A60004940F /* Debug */,
				CAF39295297705A60004940F /* Release */,
			);
			defaultConfigurationIsVisible = 0;
			defaultConfigurationName = Release;
		};
/* End XCConfigurationList section */
	};
	rootObject = CAF3927D297705A40004940F /* Project object */;
}
